{
  "name": "vibe-code-flashcard-app",
  "version": "1.0.0",
  "lockfileVersion": 3,
  "requires": true,
  "packages": {
    "": {
      "name": "vibe-code-flashcard-app",
      "version": "1.0.0",
      "workspaces": [
        "client",
        "server"
      ]
    },
    "client": {
      "version": "0.0.0"
    },
    "node_modules/client": {
      "resolved": "client",
      "link": true
    },
    "node_modules/server": {
      "resolved": "server",
      "link": true
    },
    "server": {
      "version": "0.0.0"
    }
  }
}
